
Microsoft Visual Studio Solution File, Format Version 12.00
# Visual Studio Version 17
VisualStudioVersion = 17.6.33815.320
MinimumVisualStudioVersion = 10.0.40219.1
Project("{FAE04EC0-301F-11D3-BF4B-00C04F79EFBC}") = "InjectorLinuxServer", "InjectorLinuxServer\InjectorLinuxServer.csproj", "{8F3F0443-736B-4B38-AA13-87D4EF6BDF71}"
EndProject
Global
	GlobalSection(SolutionConfigurationPlatforms) = preSolution
		Debug|Any CPU = Debug|Any CPU
		Release|Any CPU = Release|Any CPU
	EndGlobalSection
	GlobalSection(ProjectConfigurationPlatforms) = postSolution
		{8F3F0443-736B-4B38-AA13-87D4EF6BDF71}.Debug|Any CPU.ActiveCfg = Debug|Any CPU
		{8F3F0443-736B-4B38-AA13-87D4EF6BDF71}.Debug|Any CPU.Build.0 = Debug|Any CPU
		{8F3F0443-736B-4B38-AA13-87D4EF6BDF71}.Release|Any CPU.ActiveCfg = Release|Any CPU
		{8F3F0443-736B-4B38-AA13-87D4EF6BDF71}.Release|Any CPU.Build.0 = Release|Any CPU
	EndGlobalSection
	GlobalSection(SolutionProperties) = preSolution
		HideSolutionNode = FALSE
	EndGlobalSection
	GlobalSection(ExtensibilityGlobals) = postSolution
		SolutionGuid = {65E671C6-00FE-449C-BE80-C7576CA365B6}
	EndGlobalSection
EndGlobal
